
Microsoft Visual Studio Solution File, Format Version 12.00
# Visual Studio Version 17
VisualStudioVersion = 17.8.34322.80
MinimumVisualStudioVersion = 10.0.40219.1
Project("{FAE04EC0-301F-11D3-BF4B-00C04F79EFBC}") = "LibraryManagementSystemWithAPI", "LibraryManagementSystemWithAPI.csproj", "{A882677B-BF03-4847-9E5C-9B253F5B5E48}"
EndProject
Global
	GlobalSection(SolutionConfigurationPlatforms) = preSolution
		Debug|Any CPU = Debug|Any CPU
		Release|Any CPU = Release|Any CPU
	EndGlobalSection
	GlobalSection(ProjectConfigurationPlatforms) = postSolution
		{A882677B-BF03-4847-9E5C-9B253F5B5E48}.Debug|Any CPU.ActiveCfg = Debug|Any CPU
		{A882677B-BF03-4847-9E5C-9B253F5B5E48}.Debug|Any CPU.Build.0 = Debug|Any CPU
		{A882677B-BF03-4847-9E5C-9B253F5B5E48}.Release|Any CPU.ActiveCfg = Release|Any CPU
		{A882677B-BF03-4847-9E5C-9B253F5B5E48}.Release|Any CPU.Build.0 = Release|Any CPU
	EndGlobalSection
	GlobalSection(SolutionProperties) = preSolution
		HideSolutionNode = FALSE
	EndGlobalSection
	GlobalSection(ExtensibilityGlobals) = postSolution
		SolutionGuid = {F7E5D868-16AA-47D7-A803-DF391EB73379}
	EndGlobalSection
EndGlobal
